
Microsoft Visual Studio Solution File, Format Version 12.00
# Visual Studio Version 16
VisualStudioVersion = 16.0.30114.105
MinimumVisualStudioVersion = 10.0.40219.1
Project("{FAE04EC0-301F-11D3-BF4B-00C04F79EFBC}") = "prueba_tecnica_experis", "prueba_tecnica_experis\prueba_tecnica_experis.csproj", "{D15CEDC3-0072-4BB8-A20D-3353C66727A4}"
EndProject
Project("{FAE04EC0-301F-11D3-BF4B-00C04F79EFBC}") = "data", "data\data.csproj", "{7843AA40-DABE-46EF-829A-B955463A5C4F}"
EndProject
Project("{FAE04EC0-301F-11D3-BF4B-00C04F79EFBC}") = "business", "business\business.csproj", "{56815D55-27AD-48C2-916A-4BB786D80F44}"
EndProject
Global
	GlobalSection(SolutionConfigurationPlatforms) = preSolution
		Debug|Any CPU = Debug|Any CPU
		Release|Any CPU = Release|Any CPU
	EndGlobalSection
	GlobalSection(ProjectConfigurationPlatforms) = postSolution
		{D15CEDC3-0072-4BB8-A20D-3353C66727A4}.Debug|Any CPU.ActiveCfg = Debug|Any CPU
		{D15CEDC3-0072-4BB8-A20D-3353C66727A4}.Debug|Any CPU.Build.0 = Debug|Any CPU
		{D15CEDC3-0072-4BB8-A20D-3353C66727A4}.Release|Any CPU.ActiveCfg = Release|Any CPU
		{D15CEDC3-0072-4BB8-A20D-3353C66727A4}.Release|Any CPU.Build.0 = Release|Any CPU
		{7843AA40-DABE-46EF-829A-B955463A5C4F}.Debug|Any CPU.ActiveCfg = Debug|Any CPU
		{7843AA40-DABE-46EF-829A-B955463A5C4F}.Debug|Any CPU.Build.0 = Debug|Any CPU
		{7843AA40-DABE-46EF-829A-B955463A5C4F}.Release|Any CPU.ActiveCfg = Release|Any CPU
		{7843AA40-DABE-46EF-829A-B955463A5C4F}.Release|Any CPU.Build.0 = Release|Any CPU
		{56815D55-27AD-48C2-916A-4BB786D80F44}.Debug|Any CPU.ActiveCfg = Debug|Any CPU
		{56815D55-27AD-48C2-916A-4BB786D80F44}.Debug|Any CPU.Build.0 = Debug|Any CPU
		{56815D55-27AD-48C2-916A-4BB786D80F44}.Release|Any CPU.ActiveCfg = Release|Any CPU
		{56815D55-27AD-48C2-916A-4BB786D80F44}.Release|Any CPU.Build.0 = Release|Any CPU
	EndGlobalSection
	GlobalSection(SolutionProperties) = preSolution
		HideSolutionNode = FALSE
	EndGlobalSection
	GlobalSection(ExtensibilityGlobals) = postSolution
		SolutionGuid = {E2619191-A719-438A-A7A8-D2236C79864C}
	EndGlobalSection
EndGlobal
